
Microsoft Visual Studio Solution File, Format Version 12.00
# Visual Studio Version 16
VisualStudioVersion = 16.0.31829.152
MinimumVisualStudioVersion = 10.0.40219.1
Project("{9A19103F-16F7-4668-BE54-9A1E7A4F7556}") = "WebApplicationAPI", "WebApplicationAPI\WebApplicationAPI.csproj", "{8285168A-7239-4113-91E6-3AAEE969AA54}"
	ProjectSection(ProjectDependencies) = postProject
		{E7E50481-6CDF-43BA-91BE-CE8D21B058FE} = {E7E50481-6CDF-43BA-91BE-CE8D21B058FE}
	EndProjectSection
EndProject
Project("{9A19103F-16F7-4668-BE54-9A1E7A4F7556}") = "DataAccessLayer", "DataAccessLayer\DataAccessLayer.csproj", "{106280CD-6DF1-4E0D-A157-A3336146807B}"
EndProject
Project("{FAE04EC0-301F-11D3-BF4B-00C04F79EFBC}") = "WebApplication_Consume", "WebApplication_Consume\WebApplication_Consume.csproj", "{E7E50481-6CDF-43BA-91BE-CE8D21B058FE}"
EndProject
Global
	GlobalSection(SolutionConfigurationPlatforms) = preSolution
		Debug|Any CPU = Debug|Any CPU
		Release|Any CPU = Release|Any CPU
	EndGlobalSection
	GlobalSection(ProjectConfigurationPlatforms) = postSolution
		{8285168A-7239-4113-91E6-3AAEE969AA54}.Debug|Any CPU.ActiveCfg = Debug|Any CPU
		{8285168A-7239-4113-91E6-3AAEE969AA54}.Debug|Any CPU.Build.0 = Debug|Any CPU
		{8285168A-7239-4113-91E6-3AAEE969AA54}.Release|Any CPU.ActiveCfg = Release|Any CPU
		{8285168A-7239-4113-91E6-3AAEE969AA54}.Release|Any CPU.Build.0 = Release|Any CPU
		{106280CD-6DF1-4E0D-A157-A3336146807B}.Debug|Any CPU.ActiveCfg = Debug|Any CPU
		{106280CD-6DF1-4E0D-A157-A3336146807B}.Debug|Any CPU.Build.0 = Debug|Any CPU
		{106280CD-6DF1-4E0D-A157-A3336146807B}.Release|Any CPU.ActiveCfg = Release|Any CPU
		{106280CD-6DF1-4E0D-A157-A3336146807B}.Release|Any CPU.Build.0 = Release|Any CPU
		{E7E50481-6CDF-43BA-91BE-CE8D21B058FE}.Debug|Any CPU.ActiveCfg = Debug|Any CPU
		{E7E50481-6CDF-43BA-91BE-CE8D21B058FE}.Debug|Any CPU.Build.0 = Debug|Any CPU
		{E7E50481-6CDF-43BA-91BE-CE8D21B058FE}.Release|Any CPU.ActiveCfg = Release|Any CPU
		{E7E50481-6CDF-43BA-91BE-CE8D21B058FE}.Release|Any CPU.Build.0 = Release|Any CPU
	EndGlobalSection
	GlobalSection(SolutionProperties) = preSolution
		HideSolutionNode = FALSE
	EndGlobalSection
	GlobalSection(ExtensibilityGlobals) = postSolution
		SolutionGuid = {C5D55F0D-2013-462C-8A32-731F1BBB05DE}
	EndGlobalSection
EndGlobal
